
Microsoft Visual Studio Solution File, Format Version 12.00
# Visual Studio Version 16
VisualStudioVersion = 16.0.31624.102
MinimumVisualStudioVersion = 10.0.40219.1
Project("{FAE04EC0-301F-11D3-BF4B-00C04F79EFBC}") = "Estudos.LG.NHibernate", "Estudos.LG.NHibernate\Estudos.LG.NHibernate.csproj", "{494384A6-355C-4A5E-953E-793FE6E11167}"
EndProject
Project("{9A19103F-16F7-4668-BE54-9A1E7A4F7556}") = "Login", "Login\Login.csproj", "{A87B0C57-E2A7-413C-9B00-F1958881CEC4}"
EndProject
Project("{FAE04EC0-301F-11D3-BF4B-00C04F79EFBC}") = "WebApplication1", "WebApplication1\WebApplication1.csproj", "{72172B06-0F15-46A1-A12D-0F518CAE8B29}"
EndProject
Global
	GlobalSection(SolutionConfigurationPlatforms) = preSolution
		Debug|Any CPU = Debug|Any CPU
		Release|Any CPU = Release|Any CPU
	EndGlobalSection
	GlobalSection(ProjectConfigurationPlatforms) = postSolution
		{494384A6-355C-4A5E-953E-793FE6E11167}.Debug|Any CPU.ActiveCfg = Debug|Any CPU
		{494384A6-355C-4A5E-953E-793FE6E11167}.Debug|Any CPU.Build.0 = Debug|Any CPU
		{494384A6-355C-4A5E-953E-793FE6E11167}.Release|Any CPU.ActiveCfg = Release|Any CPU
		{494384A6-355C-4A5E-953E-793FE6E11167}.Release|Any CPU.Build.0 = Release|Any CPU
		{A87B0C57-E2A7-413C-9B00-F1958881CEC4}.Debug|Any CPU.ActiveCfg = Debug|Any CPU
		{A87B0C57-E2A7-413C-9B00-F1958881CEC4}.Debug|Any CPU.Build.0 = Debug|Any CPU
		{A87B0C57-E2A7-413C-9B00-F1958881CEC4}.Release|Any CPU.ActiveCfg = Release|Any CPU
		{A87B0C57-E2A7-413C-9B00-F1958881CEC4}.Release|Any CPU.Build.0 = Release|Any CPU
		{72172B06-0F15-46A1-A12D-0F518CAE8B29}.Debug|Any CPU.ActiveCfg = Debug|Any CPU
		{72172B06-0F15-46A1-A12D-0F518CAE8B29}.Debug|Any CPU.Build.0 = Debug|Any CPU
		{72172B06-0F15-46A1-A12D-0F518CAE8B29}.Release|Any CPU.ActiveCfg = Release|Any CPU
		{72172B06-0F15-46A1-A12D-0F518CAE8B29}.Release|Any CPU.Build.0 = Release|Any CPU
	EndGlobalSection
	GlobalSection(SolutionProperties) = preSolution
		HideSolutionNode = FALSE
	EndGlobalSection
	GlobalSection(ExtensibilityGlobals) = postSolution
		SolutionGuid = {33F9B444-12C9-4D86-8BCE-2F1340185CA2}
	EndGlobalSection
EndGlobal
